
Microsoft Visual Studio Solution File, Format Version 12.00
# Visual Studio Version 17
VisualStudioVersion = 17.6.33801.468
MinimumVisualStudioVersion = 10.0.40219.1
Project("{9A19103F-16F7-4668-BE54-9A1E7A4F7556}") = "New_religion", "New_religion.csproj", "{47699D3F-D39A-4578-AEE0-C666C15B8AF5}"
	ProjectSection(ProjectDependencies) = postProject
		{4F41917F-6942-4DD3-8330-74288CCA64AF} = {4F41917F-6942-4DD3-8330-74288CCA64AF}
	EndProjectSection
EndProject
Project("{9A19103F-16F7-4668-BE54-9A1E7A4F7556}") = "MG_Paketik_Extention", "..\..\Mono\Source\MG_Paketik_Extention\MG_Paketik_Extention.csproj", "{4F41917F-6942-4DD3-8330-74288CCA64AF}"
EndProject
Global
	GlobalSection(SolutionConfigurationPlatforms) = preSolution
		Debug|Any CPU = Debug|Any CPU
		Release|Any CPU = Release|Any CPU
	EndGlobalSection
	GlobalSection(ProjectConfigurationPlatforms) = postSolution
		{47699D3F-D39A-4578-AEE0-C666C15B8AF5}.Debug|Any CPU.ActiveCfg = Debug|Any CPU
		{47699D3F-D39A-4578-AEE0-C666C15B8AF5}.Debug|Any CPU.Build.0 = Debug|Any CPU
		{47699D3F-D39A-4578-AEE0-C666C15B8AF5}.Release|Any CPU.ActiveCfg = Release|Any CPU
		{47699D3F-D39A-4578-AEE0-C666C15B8AF5}.Release|Any CPU.Build.0 = Release|Any CPU
		{4F41917F-6942-4DD3-8330-74288CCA64AF}.Debug|Any CPU.ActiveCfg = Debug|Any CPU
		{4F41917F-6942-4DD3-8330-74288CCA64AF}.Debug|Any CPU.Build.0 = Debug|Any CPU
		{4F41917F-6942-4DD3-8330-74288CCA64AF}.Release|Any CPU.ActiveCfg = Release|Any CPU
		{4F41917F-6942-4DD3-8330-74288CCA64AF}.Release|Any CPU.Build.0 = Release|Any CPU
	EndGlobalSection
	GlobalSection(SolutionProperties) = preSolution
		HideSolutionNode = FALSE
	EndGlobalSection
	GlobalSection(ExtensibilityGlobals) = postSolution
		SolutionGuid = {51B642E5-D13F-47E9-B411-53AF1CB72E58}
	EndGlobalSection
EndGlobal
